
Microsoft Visual Studio Solution File, Format Version 12.00
# Visual Studio 15
VisualStudioVersion = 15.0.27004.2006
MinimumVisualStudioVersion = 10.0.40219.1
Project("{FAE04EC0-301F-11D3-BF4B-00C04F79EFBC}") = "xadrez-console", "xadrez-console\xadrez-console.csproj", "{DE869465-11E4-4BF2-8D55-5DB068222862}"
EndProject
Global
	GlobalSection(SolutionConfigurationPlatforms) = preSolution
		Debug|Any CPU = Debug|Any CPU
		Release|Any CPU = Release|Any CPU
	EndGlobalSection
	GlobalSection(ProjectConfigurationPlatforms) = postSolution
		{DE869465-11E4-4BF2-8D55-5DB068222862}.Debug|Any CPU.ActiveCfg = Debug|Any CPU
		{DE869465-11E4-4BF2-8D55-5DB068222862}.Debug|Any CPU.Build.0 = Debug|Any CPU
		{DE869465-11E4-4BF2-8D55-5DB068222862}.Release|Any CPU.ActiveCfg = Release|Any CPU
		{DE869465-11E4-4BF2-8D55-5DB068222862}.Release|Any CPU.Build.0 = Release|Any CPU
	EndGlobalSection
	GlobalSection(SolutionProperties) = preSolution
		HideSolutionNode = FALSE
	EndGlobalSection
	GlobalSection(ExtensibilityGlobals) = postSolution
		SolutionGuid = {02EDAB93-11F0-4A58-A782-6B0AF21B2BA2}
	EndGlobalSection
EndGlobal
